
Microsoft Visual Studio Solution File, Format Version 12.00
# Visual Studio Version 17
VisualStudioVersion = 17.7.34024.191
MinimumVisualStudioVersion = 10.0.40219.1
Project("{9A19103F-16F7-4668-BE54-9A1E7A4F7556}") = "NewsSite", "NewsSite\NewsSite.csproj", "{698DF205-E11F-4F5E-A7B8-9DC4B6BF0D58}"
EndProject
Project("{9A19103F-16F7-4668-BE54-9A1E7A4F7556}") = "AppLib", "AppLib\AppLib.csproj", "{9E4C46D2-681D-44B4-8378-F34C9CA2D13A}"
EndProject
Global
	GlobalSection(SolutionConfigurationPlatforms) = preSolution
		Debug|Any CPU = Debug|Any CPU
		Release|Any CPU = Release|Any CPU
	EndGlobalSection
	GlobalSection(ProjectConfigurationPlatforms) = postSolution
		{698DF205-E11F-4F5E-A7B8-9DC4B6BF0D58}.Debug|Any CPU.ActiveCfg = Debug|Any CPU
		{698DF205-E11F-4F5E-A7B8-9DC4B6BF0D58}.Debug|Any CPU.Build.0 = Debug|Any CPU
		{698DF205-E11F-4F5E-A7B8-9DC4B6BF0D58}.Release|Any CPU.ActiveCfg = Release|Any CPU
		{698DF205-E11F-4F5E-A7B8-9DC4B6BF0D58}.Release|Any CPU.Build.0 = Release|Any CPU
		{9E4C46D2-681D-44B4-8378-F34C9CA2D13A}.Debug|Any CPU.ActiveCfg = Debug|Any CPU
		{9E4C46D2-681D-44B4-8378-F34C9CA2D13A}.Debug|Any CPU.Build.0 = Debug|Any CPU
		{9E4C46D2-681D-44B4-8378-F34C9CA2D13A}.Release|Any CPU.ActiveCfg = Release|Any CPU
		{9E4C46D2-681D-44B4-8378-F34C9CA2D13A}.Release|Any CPU.Build.0 = Release|Any CPU
	EndGlobalSection
	GlobalSection(SolutionProperties) = preSolution
		HideSolutionNode = FALSE
	EndGlobalSection
	GlobalSection(ExtensibilityGlobals) = postSolution
		SolutionGuid = {51210A9E-46FF-494A-8381-BC1C7D2AED8E}
	EndGlobalSection
EndGlobal
